
Microsoft Visual Studio Solution File, Format Version 12.00
# Visual Studio Version 17
VisualStudioVersion = 17.14.36203.30
MinimumVisualStudioVersion = 10.0.40219.1
Project("{FAE04EC0-301F-11D3-BF4B-00C04F79EFBC}") = "PolicyGenie", "PolicyGenie\PolicyGenie.csproj", "{1D03D93A-45B5-4E42-B451-009D008FA614}"
EndProject
Project("{2150E333-8FDC-42A3-9474-1A3956D46DE8}") = "Business", "Business", "{02EA681E-C7D8-13C7-8484-4AC65E1B71E8}"
EndProject
Project("{2150E333-8FDC-42A3-9474-1A3956D46DE8}") = "CrossCutting", "CrossCutting", "{676A0B49-658B-4D72-B897-118E2DC1365C}"
EndProject
Project("{2150E333-8FDC-42A3-9474-1A3956D46DE8}") = "Data", "Data", "{A9387CFC-785F-4F38-A678-15017ED21FFB}"
EndProject
Project("{2150E333-8FDC-42A3-9474-1A3956D46DE8}") = "Web", "Web", "{CA253D96-C2B8-4995-BEDB-FD31F62ABEEE}"
EndProject
Project("{FAE04EC0-301F-11D3-BF4B-00C04F79EFBC}") = "OIF.Cams.Data.DAC", "OIF.Cams.Data.DAC\OIF.Cams.Data.DAC.csproj", "{42739189-ABC2-4157-9A5C-272EB0A4EBCE}"
EndProject
Project("{FAE04EC0-301F-11D3-BF4B-00C04F79EFBC}") = "OIF.Cams.Data.Repository", "OIF.Cams.Data.Repository\OIF.Cams.Data.Repository.csproj", "{94F46567-5B50-4F22-95DD-AAA952BBE4D6}"
EndProject
Project("{FAE04EC0-301F-11D3-BF4B-00C04F79EFBC}") = "OIF.Cams.Business.AutoMapping", "OIF.Cams.Business.AutoMapping\OIF.Cams.Business.AutoMapping.csproj", "{21036C91-6960-4B03-A0B1-FF76B107BF6F}"
EndProject
Project("{FAE04EC0-301F-11D3-BF4B-00C04F79EFBC}") = "OIF.Cams.CrossCutting", "OIF.Cams.CrossCutting\OIF.Cams.CrossCutting.csproj", "{62F95DB4-0990-4816-81E2-53A867AFF97E}"
EndProject
Project("{2150E333-8FDC-42A3-9474-1A3956D46DE8}") = "Services", "Services", "{0A1C8615-9B9F-4FC1-A4DB-AA7F89C98B8D}"
EndProject
Project("{FAE04EC0-301F-11D3-BF4B-00C04F79EFBC}") = "OIF.Cams.Services", "OIF.Cams.Services\OIF.Cams.Services.csproj", "{475A958F-0D52-47A9-B260-3BB81A73AFB8}"
EndProject
Project("{2150E333-8FDC-42A3-9474-1A3956D46DE8}") = "Model", "Model", "{FD94F4F6-4D08-4429-9D79-ABAFE2A7853C}"
EndProject
Project("{FAE04EC0-301F-11D3-BF4B-00C04F79EFBC}") = "OIF.Cams.Model", "OIF.Cams.Model\OIF.Cams.Model.csproj", "{BE7AAA66-58AD-4477-9BEE-9FE7929A14A8}"
EndProject
Global
	GlobalSection(SolutionConfigurationPlatforms) = preSolution
		Debug|Any CPU = Debug|Any CPU
		Release|Any CPU = Release|Any CPU
	EndGlobalSection
	GlobalSection(ProjectConfigurationPlatforms) = postSolution
		{1D03D93A-45B5-4E42-B451-009D008FA614}.Debug|Any CPU.ActiveCfg = Debug|Any CPU
		{1D03D93A-45B5-4E42-B451-009D008FA614}.Debug|Any CPU.Build.0 = Debug|Any CPU
		{1D03D93A-45B5-4E42-B451-009D008FA614}.Release|Any CPU.ActiveCfg = Release|Any CPU
		{1D03D93A-45B5-4E42-B451-009D008FA614}.Release|Any CPU.Build.0 = Release|Any CPU
		{42739189-ABC2-4157-9A5C-272EB0A4EBCE}.Debug|Any CPU.ActiveCfg = Debug|Any CPU
		{42739189-ABC2-4157-9A5C-272EB0A4EBCE}.Debug|Any CPU.Build.0 = Debug|Any CPU
		{42739189-ABC2-4157-9A5C-272EB0A4EBCE}.Release|Any CPU.ActiveCfg = Release|Any CPU
		{42739189-ABC2-4157-9A5C-272EB0A4EBCE}.Release|Any CPU.Build.0 = Release|Any CPU
		{94F46567-5B50-4F22-95DD-AAA952BBE4D6}.Debug|Any CPU.ActiveCfg = Debug|Any CPU
		{94F46567-5B50-4F22-95DD-AAA952BBE4D6}.Debug|Any CPU.Build.0 = Debug|Any CPU
		{94F46567-5B50-4F22-95DD-AAA952BBE4D6}.Release|Any CPU.ActiveCfg = Release|Any CPU
		{94F46567-5B50-4F22-95DD-AAA952BBE4D6}.Release|Any CPU.Build.0 = Release|Any CPU
		{21036C91-6960-4B03-A0B1-FF76B107BF6F}.Debug|Any CPU.ActiveCfg = Debug|Any CPU
		{21036C91-6960-4B03-A0B1-FF76B107BF6F}.Debug|Any CPU.Build.0 = Debug|Any CPU
		{21036C91-6960-4B03-A0B1-FF76B107BF6F}.Release|Any CPU.ActiveCfg = Release|Any CPU
		{21036C91-6960-4B03-A0B1-FF76B107BF6F}.Release|Any CPU.Build.0 = Release|Any CPU
		{62F95DB4-0990-4816-81E2-53A867AFF97E}.Debug|Any CPU.ActiveCfg = Debug|Any CPU
		{62F95DB4-0990-4816-81E2-53A867AFF97E}.Debug|Any CPU.Build.0 = Debug|Any CPU
		{62F95DB4-0990-4816-81E2-53A867AFF97E}.Release|Any CPU.ActiveCfg = Release|Any CPU
		{62F95DB4-0990-4816-81E2-53A867AFF97E}.Release|Any CPU.Build.0 = Release|Any CPU
		{475A958F-0D52-47A9-B260-3BB81A73AFB8}.Debug|Any CPU.ActiveCfg = Debug|Any CPU
		{475A958F-0D52-47A9-B260-3BB81A73AFB8}.Debug|Any CPU.Build.0 = Debug|Any CPU
		{475A958F-0D52-47A9-B260-3BB81A73AFB8}.Release|Any CPU.ActiveCfg = Release|Any CPU
		{475A958F-0D52-47A9-B260-3BB81A73AFB8}.Release|Any CPU.Build.0 = Release|Any CPU
		{BE7AAA66-58AD-4477-9BEE-9FE7929A14A8}.Debug|Any CPU.ActiveCfg = Debug|Any CPU
		{BE7AAA66-58AD-4477-9BEE-9FE7929A14A8}.Debug|Any CPU.Build.0 = Debug|Any CPU
		{BE7AAA66-58AD-4477-9BEE-9FE7929A14A8}.Release|Any CPU.ActiveCfg = Release|Any CPU
		{BE7AAA66-58AD-4477-9BEE-9FE7929A14A8}.Release|Any CPU.Build.0 = Release|Any CPU
	EndGlobalSection
	GlobalSection(SolutionProperties) = preSolution
		HideSolutionNode = FALSE
	EndGlobalSection
	GlobalSection(NestedProjects) = preSolution
		{1D03D93A-45B5-4E42-B451-009D008FA614} = {CA253D96-C2B8-4995-BEDB-FD31F62ABEEE}
		{42739189-ABC2-4157-9A5C-272EB0A4EBCE} = {A9387CFC-785F-4F38-A678-15017ED21FFB}
		{94F46567-5B50-4F22-95DD-AAA952BBE4D6} = {A9387CFC-785F-4F38-A678-15017ED21FFB}
		{21036C91-6960-4B03-A0B1-FF76B107BF6F} = {02EA681E-C7D8-13C7-8484-4AC65E1B71E8}
		{62F95DB4-0990-4816-81E2-53A867AFF97E} = {676A0B49-658B-4D72-B897-118E2DC1365C}
		{475A958F-0D52-47A9-B260-3BB81A73AFB8} = {0A1C8615-9B9F-4FC1-A4DB-AA7F89C98B8D}
		{BE7AAA66-58AD-4477-9BEE-9FE7929A14A8} = {FD94F4F6-4D08-4429-9D79-ABAFE2A7853C}
	EndGlobalSection
	GlobalSection(ExtensibilityGlobals) = postSolution
		SolutionGuid = {B77155D1-3AB2-4698-9EEB-F3030D73E063}
	EndGlobalSection
EndGlobal
